lockfileVersion: '9.0'

settings:
  autoInstallPeers: true
  excludeLinksFromLockfile: false

importers:

  .:
    devDependencies:
      '@catppuccin/highlightjs':
        specifier: ^1.0.0
        version: 1.0.0
      '@catppuccin/palette':
        specifier: ^1.4.0
        version: 1.4.0
      sass:
        specifier: ^1.79.3
        version: 1.79.3

packages:

  '@catppuccin/highlightjs@1.0.0':
    resolution: {integrity: sha512-Cq0b5pNkzAxTf7QwXkGcMnfEawOdaJP9wQJNsLO1PCqml+NgMe7mOknH3l/j/0Q3bgjijm+N26B8BAYiv18oQg==}

  '@catppuccin/palette@1.4.0':
    resolution: {integrity: sha512-Npdg/QFeMAEbRVlnJqc1xE3i7NI4liSq4tTTXk4U/L3vPEiqw3bZQJRLYjuP0Vq2AEDNS5H5Li+lk27c38sP4g==}

  chokidar@4.0.1:
    resolution: {integrity: sha512-n8enUVCED/KVRQlab1hr3MVpcVMvxtZjmEa956u+4YijlmQED223XMSYj2tLuKvr4jcCTzNNMpQDUer72MMmzA==}
    engines: {node: '>= 14.16.0'}

  immutable@4.3.7:
    resolution: {integrity: sha512-1hqclzwYwjRDFLjcFxOM5AYkkG0rpFPpr1RLPMEuGczoS7YA8gLhy8SWXYRAA/XwfEHpfo3cw5JGioS32fnMRw==}

  readdirp@4.0.1:
    resolution: {integrity: sha512-GkMg9uOTpIWWKbSsgwb5fA4EavTR+SG/PMPoAY8hkhHfEEY0/vqljY+XHqtDf2cr2IJtoNRDbrrEpZUiZCkYRw==}
    engines: {node: '>= 14.16.0'}

  sass@1.79.3:
    resolution: {integrity: sha512-m7dZxh0W9EZ3cw50Me5GOuYm/tVAJAn91SUnohLRo9cXBixGUOdvmryN+dXpwR831bhoY3Zv7rEFt85PUwTmzA==}
    engines: {node: '>=14.0.0'}
    hasBin: true

  source-map-js@1.2.1:
    resolution: {integrity: sha512-UXWMKhLOwVKb728IUtQPXxfYU+usdybtUrK/8uGE8CQMvrhOpwvzDBwj0QhSL7MQc7vIsISBG8VQ8+IDQxpfQA==}
    engines: {node: '>=0.10.0'}

snapshots:

  '@catppuccin/highlightjs@1.0.0': {}

  '@catppuccin/palette@1.4.0': {}

  chokidar@4.0.1:
    dependencies:
      readdirp: 4.0.1

  immutable@4.3.7: {}

  readdirp@4.0.1: {}

  sass@1.79.3:
    dependencies:
      chokidar: 4.0.1
      immutable: 4.3.7
      source-map-js: 1.2.1

  source-map-js@1.2.1: {}
